
Microsoft Visual Studio Solution File, Format Version 12.00
# Visual Studio Version 17
VisualStudioVersion = 17.14.36301.6 d17.14
MinimumVisualStudioVersion = 10.0.40219.1
Project("{FAE04EC0-301F-11D3-BF4B-00C04F79EFBC}") = "P2PErpProject", "P2PErpProject\P2PErpProject.csproj", "{5139B0CA-48DC-44A3-89E5-4C4F4C73729A}"
EndProject
Global
	GlobalSection(SolutionConfigurationPlatforms) = preSolution
		Debug|Any CPU = Debug|Any CPU
		Release|Any CPU = Release|Any CPU
	EndGlobalSection
	GlobalSection(ProjectConfigurationPlatforms) = postSolution
		{5139B0CA-48DC-44A3-89E5-4C4F4C73729A}.Debug|Any CPU.ActiveCfg = Debug|Any CPU
		{5139B0CA-48DC-44A3-89E5-4C4F4C73729A}.Debug|Any CPU.Build.0 = Debug|Any CPU
		{5139B0CA-48DC-44A3-89E5-4C4F4C73729A}.Release|Any CPU.ActiveCfg = Release|Any CPU
		{5139B0CA-48DC-44A3-89E5-4C4F4C73729A}.Release|Any CPU.Build.0 = Release|Any CPU
	EndGlobalSection
	GlobalSection(SolutionProperties) = preSolution
		HideSolutionNode = FALSE
	EndGlobalSection
	GlobalSection(ExtensibilityGlobals) = postSolution
		SolutionGuid = {AFD1B4A1-2BDB-41A0-8CEB-B11C5B6AA131}
	EndGlobalSection
EndGlobal
